// !$*UTF8*$!
{
	archiveVersion = 1;
	classes = {
	};
	objectVersion = 77;
	objects = {

/* Begin PBXBuildFile section */
		F0C0D5A4303DE6A200D6D076 /* AppDelegate.swift in Sources */ = {isa = PBXBuildFile; fileRef = F0C0D5A3303DE6A200D6D076 /* AppDelegate.swift */; };
		F0C0D5A8303DE6A200D6D076 /* Main.html in Resources */ = {isa = PBXBuildFile; fileRef = F0C0D5A6303DE6A200D6D076 /* Main.html */; };
		F0C0D5AA303DE6A200D6D076 /* Icon.png in Resources */ = {isa = PBXBuildFile; fileRef = F0C0D5A9303DE6A200D6D076 /* Icon.png */; };
		F0C0D5AC303DE6A200D6D076 /* Style.css in Resources */ = {isa = PBXBuildFile; fileRef = F0C0D5AB303DE6A200D6D076 /* Style.css */; };
		F0C0D5AE303DE6A200D6D076 /* Script.js in Resources */ = {isa = PBXBuildFile; fileRef = F0C0D5AD303DE6A200D6D076 /* Script.js */; };
		F0C0D5B0303DE6A200D6D076 /* ViewController.swift in Sources */ = {isa = PBXBuildFile; fileRef = F0C0D5AF303DE6A200D6D076 /* ViewController.swift */; };
		F0C0D5B3303DE6A200D6D076 /* Main.storyboard in Resources */ = {isa = PBXBuildFile; fileRef = F0C0D5B1303DE6A200D6D076 /* Main.storyboard */; };
		F0C0D5B5303DE6A300D6D076 /* Assets.xcassets in Resources */ = {isa = PBXBuildFile; fileRef = F0C0D5B4303DE6A300D6D076 /* Assets.xcassets */; };
		F0C0D5BC303DE6A400D6D076 /* SIJournalRank Extension.appex in Embed Foundation Extensions */ = {isa = PBXBuildFile; fileRef = F0C0D5BB303DE6A400D6D076 /* SIJournalRank Extension.appex */; settings = {ATTRIBUTES = (RemoveHeadersOnCopy, ); }; };
		F0C0D5C1303DE6A400D6D076 /* SafariWebExtensionHandler.swift in Sources */ = {isa = PBXBuildFile; fileRef = F0C0D5C0303DE6A400D6D076 /* SafariWebExtensionHandler.swift */; };
		F0C0D5D6303DE6A400D6D076 /* popup in Resources */ = {isa = PBXBuildFile; fileRef = F0C0D5CD303DE6A400D6D076 /* popup */; };
		F0C0D5D7303DE6A400D6D076 /* content.css in Resources */ = {isa = PBXBuildFile; fileRef = F0C0D5CE303DE6A400D6D076 /* content.css */; };
		F0C0D5D8303DE6A400D6D076 /* background.js in Resources */ = {isa = PBXBuildFile; fileRef = F0C0D5CF303DE6A400D6D076 /* background.js */; };
		F0C0D5D9303DE6A400D6D076 /* README.md in Resources */ = {isa = PBXBuildFile; fileRef = F0C0D5D0303DE6A400D6D076 /* README.md */; };
		F0C0D5DA303DE6A400D6D076 /* icons in Resources */ = {isa = PBXBuildFile; fileRef = F0C0D5D1303DE6A400D6D076 /* icons */; };
		F0C0D5DB303DE6A400D6D076 /* scripts in Resources */ = {isa = PBXBuildFile; fileRef = F0C0D5D2303DE6A400D6D076 /* scripts */; };
		F0C0D5DC303DE6A400D6D076 /* manifest.json in Resources */ = {isa = PBXBuildFile; fileRef = F0C0D5D3303DE6A400D6D076 /* manifest.json */; };
		F0C0D5DD303DE6A400D6D076 /* content.js in Resources */ = {isa = PBXBuildFile; fileRef = F0C0D5D4303DE6A400D6D076 /* content.js */; };
		F0C0D5DE303DE6A400D6D076 /* data in Resources */ = {isa = PBXBuildFile; fileRef = F0C0D5D5303DE6A400D6D076 /* data */; };
/* End PBXBuildFile section */

/* Begin PBXContainerItemProxy section */
		F0C0D5BD303DE6A400D6D076 /* PBXContainerItemProxy */ = {
			isa = PBXContainerItemProxy;
			containerPortal = F0C0D598303DE6A200D6D076 /* Project object */;
			proxyType = 1;
			remoteGlobalIDString = F0C0D5BA303DE6A400D6D076;
			remoteInfo = "SIJournalRank Extension";
		};
/* End PBXContainerItemProxy section */

/* Begin PBXCopyFilesBuildPhase section */
		F0C0D5C8303DE6A400D6D076 /* Embed Foundation Extensions */ = {
			isa = PBXCopyFilesBuildPhase;
			buildActionMask = 2147483647;
			dstPath = "";
			dstSubfolderSpec = 13;
			files = (
				F0C0D5BC303DE6A400D6D076 /* SIJournalRank Extension.appex in Embed Foundation Extensions */,
			);
			name = "Embed Foundation Extensions";
			runOnlyForDeploymentPostprocessing = 0;
		};
/* End PBXCopyFilesBuildPhase section */

/* Begin PBXFileReference section */
		F0C0D5A0303DE6A200D6D076 /* SIJournalRank.app */ = {isa = PBXFileReference; explicitFileType = wrapper.application; includeInIndex = 0; path = SIJournalRank.app; sourceTree = BUILT_PRODUCTS_DIR; };
		F0C0D5A3303DE6A200D6D076 /* AppDelegate.swift */ = {isa = PBXFileReference; lastKnownFileType = sourcecode.swift; path = AppDelegate.swift; sourceTree = "<group>"; };
		F0C0D5A7303DE6A200D6D076 /* Base */ = {isa = PBXFileReference; lastKnownFileType = text.html; name = Base; path = Base.lproj/Main.html; sourceTree = "<group>"; };
		F0C0D5A9303DE6A200D6D076 /* Icon.png */ = {isa = PBXFileReference; lastKnownFileType = image.png; path = Icon.png; sourceTree = "<group>"; };
		F0C0D5AB303DE6A200D6D076 /* Style.css */ = {isa = PBXFileReference; lastKnownFileType = text.css; path = Style.css; sourceTree = "<group>"; };
		F0C0D5AD303DE6A200D6D076 /* Script.js */ = {isa = PBXFileReference; lastKnownFileType = sourcecode.javascript; path = Script.js; sourceTree = "<group>"; };
		F0C0D5AF303DE6A200D6D076 /* ViewController.swift */ = {isa = PBXFileReference; lastKnownFileType = sourcecode.swift; path = ViewController.swift; sourceTree = "<group>"; };
		F0C0D5B2303DE6A200D6D076 /* Base */ = {isa = PBXFileReference; lastKnownFileType = file.storyboard; name = Base; path = Base.lproj/Main.storyboard; sourceTree = "<group>"; };
		F0C0D5B4303DE6A300D6D076 /* Assets.xcassets */ = {isa = PBXFileReference; lastKnownFileType = folder.assetcatalog; path = Assets.xcassets; sourceTree = "<group>"; };
		F0C0D5B6303DE6A300D6D076 /* Info.plist */ = {isa = PBXFileReference; lastKnownFileType = text.plist.xml; path = Info.plist; sourceTree = "<group>"; };
		F0C0D5BB303DE6A400D6D076 /* SIJournalRank Extension.appex */ = {isa = PBXFileReference; explicitFileType = "wrapper.app-extension"; includeInIndex = 0; path = "SIJournalRank Extension.appex"; sourceTree = BUILT_PRODUCTS_DIR; };
		F0C0D5C0303DE6A400D6D076 /* SafariWebExtensionHandler.swift */ = {isa = PBXFileReference; lastKnownFileType = sourcecode.swift; path = SafariWebExtensionHandler.swift; sourceTree = "<group>"; };
		F0C0D5C2303DE6A400D6D076 /* Info.plist */ = {isa = PBXFileReference; lastKnownFileType = text.plist.xml; path = Info.plist; sourceTree = "<group>"; };
		F0C0D5CD303DE6A400D6D076 /* popup */ = {isa = PBXFileReference; lastKnownFileType = folder; name = popup; path = Resources/popup; sourceTree = "<group>"; };
		F0C0D5CE303DE6A400D6D076 /* content.css */ = {isa = PBXFileReference; lastKnownFileType = text.css; name = content.css; path = Resources/content.css; sourceTree = "<group>"; };
		F0C0D5CF303DE6A400D6D076 /* background.js */ = {isa = PBXFileReference; lastKnownFileType = sourcecode.javascript; name = background.js; path = Resources/background.js; sourceTree = "<group>"; };
		F0C0D5D0303DE6A400D6D076 /* README.md */ = {isa = PBXFileReference; lastKnownFileType = net.daringfireball.markdown; name = README.md; path = Resources/README.md; sourceTree = "<group>"; };
		F0C0D5D1303DE6A400D6D076 /* icons */ = {isa = PBXFileReference; lastKnownFileType = folder; name = icons; path = Resources/icons; sourceTree = "<group>"; };
		F0C0D5D2303DE6A400D6D076 /* scripts */ = {isa = PBXFileReference; lastKnownFileType = folder; name = scripts; path = Resources/scripts; sourceTree = "<group>"; };
		F0C0D5D3303DE6A400D6D076 /* manifest.json */ = {isa = PBXFileReference; lastKnownFileType = text.json; name = manifest.json; path = Resources/manifest.json; sourceTree = "<group>"; };
		F0C0D5D4303DE6A400D6D076 /* content.js */ = {isa = PBXFileReference; lastKnownFileType = sourcecode.javascript; name = content.js; path = Resources/content.js; sourceTree = "<group>"; };
		F0C0D5D5303DE6A400D6D076 /* data */ = {isa = PBXFileReference; lastKnownFileType = folder; name = data; path = Resources/data; sourceTree = "<group>"; };
/* End PBXFileReference section */

/* Begin PBXFrameworksBuildPhase section */
		F0C0D59D303DE6A200D6D076 /* Frameworks */ = {
			isa = PBXFrameworksBuildPhase;
			buildActionMask = 2147483647;
			files = (
			);
			runOnlyForDeploymentPostprocessing = 0;
		};
		F0C0D5B8303DE6A400D6D076 /* Frameworks */ = {
			isa = PBXFrameworksBuildPhase;
			buildActionMask = 2147483647;
			files = (
			);
			runOnlyForDeploymentPostprocessing = 0;
		};
/* End PBXFrameworksBuildPhase section */

/* Begin PBXGroup section */
		F0C0D597303DE6A200D6D076 = {
			isa = PBXGroup;
			children = (
				F0C0D5A2303DE6A200D6D076 /* SIJournalRank */,
				F0C0D5BF303DE6A400D6D076 /* SIJournalRank Extension */,
				F0C0D5A1303DE6A200D6D076 /* Products */,
			);
			sourceTree = "<group>";
		};
		F0C0D5A1303DE6A200D6D076 /* Products */ = {
			isa = PBXGroup;
			children = (
				F0C0D5A0303DE6A200D6D076 /* SIJournalRank.app */,
				F0C0D5BB303DE6A400D6D076 /* SIJournalRank Extension.appex */,
			);
			name = Products;
			sourceTree = "<group>";
		};
		F0C0D5A2303DE6A200D6D076 /* SIJournalRank */ = {
			isa = PBXGroup;
			children = (
				F0C0D5A3303DE6A200D6D076 /* AppDelegate.swift */,
				F0C0D5AF303DE6A200D6D076 /* ViewController.swift */,
				F0C0D5B1303DE6A200D6D076 /* Main.storyboard */,
				F0C0D5B4303DE6A300D6D076 /* Assets.xcassets */,
				F0C0D5B6303DE6A300D6D076 /* Info.plist */,
				F0C0D5A5303DE6A200D6D076 /* Resources */,
			);
			path = SIJournalRank;
			sourceTree = "<group>";
		};
		F0C0D5A5303DE6A200D6D076 /* Resources */ = {
			isa = PBXGroup;
			children = (
				F0C0D5A6303DE6A200D6D076 /* Main.html */,
				F0C0D5A9303DE6A200D6D076 /* Icon.png */,
				F0C0D5AB303DE6A200D6D076 /* Style.css */,
				F0C0D5AD303DE6A200D6D076 /* Script.js */,
			);
			path = Resources;
			sourceTree = "<group>";
		};
		F0C0D5BF303DE6A400D6D076 /* SIJournalRank Extension */ = {
			isa = PBXGroup;
			children = (
				F0C0D5CC303DE6A400D6D076 /* Resources */,
				F0C0D5C0303DE6A400D6D076 /* SafariWebExtensionHandler.swift */,
				F0C0D5C2303DE6A400D6D076 /* Info.plist */,
			);
			path = "SIJournalRank Extension";
			sourceTree = "<group>";
		};
		F0C0D5CC303DE6A400D6D076 /* Resources */ = {
			isa = PBXGroup;
			children = (
				F0C0D5CD303DE6A400D6D076 /* popup */,
				F0C0D5CE303DE6A400D6D076 /* content.css */,
				F0C0D5CF303DE6A400D6D076 /* background.js */,
				F0C0D5D0303DE6A400D6D076 /* README.md */,
				F0C0D5D1303DE6A400D6D076 /* icons */,
				F0C0D5D2303DE6A400D6D076 /* scripts */,
				F0C0D5D3303DE6A400D6D076 /* manifest.json */,
				F0C0D5D4303DE6A400D6D076 /* content.js */,
				F0C0D5D5303DE6A400D6D076 /* data */,
			);
			name = Resources;
			path = "SIJournalRank Extension";
			sourceTree = SOURCE_ROOT;
		};
/* End PBXGroup section */

/* Begin PBXNativeTarget section */
		F0C0D59F303DE6A200D6D076 /* SIJournalRank */ = {
			isa = PBXNativeTarget;
			buildConfigurationList = F0C0D5C9303DE6A400D6D076 /* Build configuration list for PBXNativeTarget "SIJournalRank" */;
			buildPhases = (
				F0C0D59C303DE6A200D6D076 /* Sources */,
				F0C0D59D303DE6A200D6D076 /* Frameworks */,
				F0C0D59E303DE6A200D6D076 /* Resources */,
				F0C0D5C8303DE6A400D6D076 /* Embed Foundation Extensions */,
			);
			buildRules = (
			);
			dependencies = (
				F0C0D5BE303DE6A400D6D076 /* PBXTargetDependency */,
			);
			name = SIJournalRank;
			packageProductDependencies = (
			);
			productName = SIJournalRank;
			productReference = F0C0D5A0303DE6A200D6D076 /* SIJournalRank.app */;
			productType = "com.apple.product-type.application";
		};
		F0C0D5BA303DE6A400D6D076 /* SIJournalRank Extension */ = {
			isa = PBXNativeTarget;
			buildConfigurationList = F0C0D5C5303DE6A400D6D076 /* Build configuration list for PBXNativeTarget "SIJournalRank Extension" */;
			buildPhases = (
				F0C0D5B7303DE6A400D6D076 /* Sources */,
				F0C0D5B8303DE6A400D6D076 /* Frameworks */,
				F0C0D5B9303DE6A400D6D076 /* Resources */,
			);
			buildRules = (
			);
			dependencies = (
			);
			name = "SIJournalRank Extension";
			packageProductDependencies = (
			);
			productName = "SIJournalRank Extension";
			productReference = F0C0D5BB303DE6A400D6D076 /* SIJournalRank Extension.appex */;
			productType = "com.apple.product-type.app-extension";
		};
/* End PBXNativeTarget section */

/* Begin PBXProject section */
		F0C0D598303DE6A200D6D076 /* Project object */ = {
			isa = PBXProject;
			attributes = {
				BuildIndependentTargetsInParallel = 1;
				LastSwiftUpdateCheck = 2660;
				LastUpgradeCheck = 2660;
				TargetAttributes = {
					F0C0D59F303DE6A200D6D076 = {
						CreatedOnToolsVersion = 26.6;
					};
					F0C0D5BA303DE6A400D6D076 = {
						CreatedOnToolsVersion = 26.6;
					};
				};
			};
			buildConfigurationList = F0C0D59B303DE6A200D6D076 /* Build configuration list for PBXProject "SIJournalRank" */;
			developmentRegion = en;
			hasScannedForEncodings = 0;
			knownRegions = (
				en,
				Base,
			);
			mainGroup = F0C0D597303DE6A200D6D076;
			minimizedProjectReferenceProxies = 1;
			preferredProjectObjectVersion = 77;
			productRefGroup = F0C0D5A1303DE6A200D6D076 /* Products */;
			projectDirPath = "";
			projectRoot = "";
			targets = (
				F0C0D59F303DE6A200D6D076 /* SIJournalRank */,
				F0C0D5BA303DE6A400D6D076 /* SIJournalRank Extension */,
			);
		};
/* End PBXProject section */

/* Begin PBXResourcesBuildPhase section */
		F0C0D59E303DE6A200D6D076 /* Resources */ = {
			isa = PBXResourcesBuildPhase;
			buildActionMask = 2147483647;
			files = (
				F0C0D5AA303DE6A200D6D076 /* Icon.png in Resources */,
				F0C0D5B3303DE6A200D6D076 /* Main.storyboard in Resources */,
				F0C0D5AE303DE6A200D6D076 /* Script.js in Resources */,
				F0C0D5A8303DE6A200D6D076 /* Main.html in Resources */,
				F0C0D5B5303DE6A300D6D076 /* Assets.xcassets in Resources */,
				F0C0D5AC303DE6A200D6D076 /* Style.css in Resources */,
			);
			runOnlyForDeploymentPostprocessing = 0;
		};
		F0C0D5B9303DE6A400D6D076 /* Resources */ = {
			isa = PBXResourcesBuildPhase;
			buildActionMask = 2147483647;
			files = (
				F0C0D5DD303DE6A400D6D076 /* content.js in Resources */,
				F0C0D5D6303DE6A400D6D076 /* popup in Resources */,
				F0C0D5DC303DE6A400D6D076 /* manifest.json in Resources */,
				F0C0D5D8303DE6A400D6D076 /* background.js in Resources */,
				F0C0D5DE303DE6A400D6D076 /* data in Resources */,
				F0C0D5D9303DE6A400D6D076 /* README.md in Resources */,
				F0C0D5DB303DE6A400D6D076 /* scripts in Resources */,
				F0C0D5DA303DE6A400D6D076 /* icons in Resources */,
				F0C0D5D7303DE6A400D6D076 /* content.css in Resources */,
			);
			runOnlyForDeploymentPostprocessing = 0;
		};
/* End PBXResourcesBuildPhase section */

/* Begin PBXSourcesBuildPhase section */
		F0C0D59C303DE6A200D6D076 /* Sources */ = {
			isa = PBXSourcesBuildPhase;
			buildActionMask = 2147483647;
			files = (
				F0C0D5B0303DE6A200D6D076 /* ViewController.swift in Sources */,
				F0C0D5A4303DE6A200D6D076 /* AppDelegate.swift in Sources */,
			);
			runOnlyForDeploymentPostprocessing = 0;
		};
		F0C0D5B7303DE6A400D6D076 /* Sources */ = {
			isa = PBXSourcesBuildPhase;
			buildActionMask = 2147483647;
			files = (
				F0C0D5C1303DE6A400D6D076 /* SafariWebExtensionHandler.swift in Sources */,
			);
			runOnlyForDeploymentPostprocessing = 0;
		};
/* End PBXSourcesBuildPhase section */

/* Begin PBXTargetDependency section */
		F0C0D5BE303DE6A400D6D076 /* PBXTargetDependency */ = {
			isa = PBXTargetDependency;
			target = F0C0D5BA303DE6A400D6D076 /* SIJournalRank Extension */;
			targetProxy = F0C0D5BD303DE6A400D6D076 /* PBXContainerItemProxy */;
		};
/* End PBXTargetDependency section */

/* Begin PBXVariantGroup section */
		F0C0D5A6303DE6A200D6D076 /* Main.html */ = {
			isa = PBXVariantGroup;
			children = (
				F0C0D5A7303DE6A200D6D076 /* Base */,
			);
			name = Main.html;
			sourceTree = "<group>";
		};
		F0C0D5B1303DE6A200D6D076 /* Main.storyboard */ = {
			isa = PBXVariantGroup;
			children = (
				F0C0D5B2303DE6A200D6D076 /* Base */,
			);
			name = Main.storyboard;
			sourceTree = "<group>";
		};
/* End PBXVariantGroup section */

/* Begin XCBuildConfiguration section */
		F0C0D5C3303DE6A400D6D076 /* Debug */ = {
			isa = XCBuildConfiguration;
			buildSettings = {
				ALWAYS_SEARCH_USER_PATHS = NO;
				ASSETCATALOG_COMPILER_GENERATE_SWIFT_ASSET_SYMBOL_EXTENSIONS = YES;
				CLANG_ANALYZER_NONNULL = YES;
				CLANG_ANALYZER_NUMBER_OBJECT_CONVERSION = YES_AGGRESSIVE;
				CLANG_CXX_LANGUAGE_STANDARD = "gnu++20";
				CLANG_ENABLE_MODULES = YES;
				CLANG_ENABLE_OBJC_ARC = YES;
				CLANG_ENABLE_OBJC_WEAK = YES;
				CLANG_WARN_BLOCK_CAPTURE_AUTORELEASING = YES;
				CLANG_WARN_BOOL_CONVERSION = YES;
				CLANG_WARN_COMMA = YES;
				CLANG_WARN_CONSTANT_CONVERSION = YES;
				CLANG_WARN_DEPRECATED_OBJC_IMPLEMENTATIONS = YES;
				CLANG_WARN_DIRECT_OBJC_ISA_USAGE = YES_ERROR;
				CLANG_WARN_DOCUMENTATION_COMMENTS = YES;
				CLANG_WARN_EMPTY_BODY = YES;
				CLANG_WARN_ENUM_CONVERSION = YES;
				CLANG_WARN_INFINITE_RECURSION = YES;
				CLANG_WARN_INT_CONVERSION = YES;
				CLANG_WARN_NON_LITERAL_NULL_CONVERSION = YES;
				CLANG_WARN_OBJC_IMPLICIT_RETAIN_SELF = YES;
				CLANG_WARN_OBJC_LITERAL_CONVERSION = YES;
				CLANG_WARN_OBJC_ROOT_CLASS = YES_ERROR;
				CLANG_WARN_QUOTED_INCLUDE_IN_FRAMEWORK_HEADER = YES;
				CLANG_WARN_RANGE_LOOP_ANALYSIS = YES;
				CLANG_WARN_STRICT_PROTOTYPES = YES;
				CLANG_WARN_SUSPICIOUS_MOVE = YES;
				CLANG_WARN_UNGUARDED_AVAILABILITY = YES_AGGRESSIVE;
				CLANG_WARN_UNREACHABLE_CODE = YES;
				CLANG_WARN__DUPLICATE_METHOD_MATCH = YES;
				COPY_PHASE_STRIP = NO;
				DEBUG_INFORMATION_FORMAT = dwarf;
				ENABLE_STRICT_OBJC_MSGSEND = YES;
				ENABLE_TESTABILITY = YES;
				ENABLE_USER_SCRIPT_SANDBOXING = YES;
				GCC_C_LANGUAGE_STANDARD = gnu17;
				GCC_DYNAMIC_NO_PIC = NO;
				GCC_NO_COMMON_BLOCKS = YES;
				GCC_OPTIMIZATION_LEVEL = 0;
				GCC_PREPROCESSOR_DEFINITIONS = (
					"DEBUG=1",
					"$(inherited)",
				);
				GCC_WARN_64_TO_32_BIT_CONVERSION = YES;
				GCC_WARN_ABOUT_RETURN_TYPE = YES_ERROR;
				GCC_WARN_UNDECLARED_SELECTOR = YES;
				GCC_WARN_UNINITIALIZED_AUTOS = YES_AGGRESSIVE;
				GCC_WARN_UNUSED_FUNCTION = YES;
				GCC_WARN_UNUSED_VARIABLE = YES;
				LOCALIZATION_PREFERS_STRING_CATALOGS = YES;
				MACOSX_DEPLOYMENT_TARGET = 26.5;
				MTL_ENABLE_DEBUG_INFO = INCLUDE_SOURCE;
				MTL_FAST_MATH = YES;
				ONLY_ACTIVE_ARCH = YES;
				SDKROOT = macosx;
				SWIFT_ACTIVE_COMPILATION_CONDITIONS = "DEBUG $(inherited)";
				SWIFT_OPTIMIZATION_LEVEL = "-Onone";
			};
			name = Debug;
		};
		F0C0D5C4303DE6A400D6D076 /* Release */ = {
			isa = XCBuildConfiguration;
			buildSettings = {
				ALWAYS_SEARCH_USER_PATHS = NO;
				ASSETCATALOG_COMPILER_GENERATE_SWIFT_ASSET_SYMBOL_EXTENSIONS = YES;
				CLANG_ANALYZER_NONNULL = YES;
				CLANG_ANALYZER_NUMBER_OBJECT_CONVERSION = YES_AGGRESSIVE;
				CLANG_CXX_LANGUAGE_STANDARD = "gnu++20";
				CLANG_ENABLE_MODULES = YES;
				CLANG_ENABLE_OBJC_ARC = YES;
				CLANG_ENABLE_OBJC_WEAK = YES;
				CLANG_WARN_BLOCK_CAPTURE_AUTORELEASING = YES;
				CLANG_WARN_BOOL_CONVERSION = YES;
				CLANG_WARN_COMMA = YES;
				CLANG_WARN_CONSTANT_CONVERSION = YES;
				CLANG_WARN_DEPRECATED_OBJC_IMPLEMENTATIONS = YES;
				CLANG_WARN_DIRECT_OBJC_ISA_USAGE = YES_ERROR;
				CLANG_WARN_DOCUMENTATION_COMMENTS = YES;
				CLANG_WARN_EMPTY_BODY = YES;
				CLANG_WARN_ENUM_CONVERSION = YES;
				CLANG_WARN_INFINITE_RECURSION = YES;
				CLANG_WARN_INT_CONVERSION = YES;
				CLANG_WARN_NON_LITERAL_NULL_CONVERSION = YES;
				CLANG_WARN_OBJC_IMPLICIT_RETAIN_SELF = YES;
				CLANG_WARN_OBJC_LITERAL_CONVERSION = YES;
				CLANG_WARN_OBJC_ROOT_CLASS = YES_ERROR;
				CLANG_WARN_QUOTED_INCLUDE_IN_FRAMEWORK_HEADER = YES;
				CLANG_WARN_RANGE_LOOP_ANALYSIS = YES;
				CLANG_WARN_STRICT_PROTOTYPES = YES;
				CLANG_WARN_SUSPICIOUS_MOVE = YES;
				CLANG_WARN_UNGUARDED_AVAILABILITY = YES_AGGRESSIVE;
				CLANG_WARN_UNREACHABLE_CODE = YES;
				CLANG_WARN__DUPLICATE_METHOD_MATCH = YES;
				COPY_PHASE_STRIP = NO;
				DEBUG_INFORMATION_FORMAT = "dwarf-with-dsym";
				ENABLE_NS_ASSERTIONS = NO;
				ENABLE_STRICT_OBJC_MSGSEND = YES;
				ENABLE_USER_SCRIPT_SANDBOXING = YES;
				GCC_C_LANGUAGE_STANDARD = gnu17;
				GCC_NO_COMMON_BLOCKS = YES;
				GCC_WARN_64_TO_32_BIT_CONVERSION = YES;
				GCC_WARN_ABOUT_RETURN_TYPE = YES_ERROR;
				GCC_WARN_UNDECLARED_SELECTOR = YES;
				GCC_WARN_UNINITIALIZED_AUTOS = YES_AGGRESSIVE;
				GCC_WARN_UNUSED_FUNCTION = YES;
				GCC_WARN_UNUSED_VARIABLE = YES;
				LOCALIZATION_PREFERS_STRING_CATALOGS = YES;
				MACOSX_DEPLOYMENT_TARGET = 26.5;
				MTL_ENABLE_DEBUG_INFO = NO;
				MTL_FAST_MATH = YES;
				SDKROOT = macosx;
				SWIFT_COMPILATION_MODE = wholemodule;
			};
			name = Release;
		};
		F0C0D5C6303DE6A400D6D076 /* Debug */ = {
			isa = XCBuildConfiguration;
			buildSettings = {
				CODE_SIGN_STYLE = Automatic;
				DEVELOPMENT_TEAM = 8HZMDLYK9W;
				CURRENT_PROJECT_VERSION = 1;
				ENABLE_APP_SANDBOX = YES;
				ENABLE_HARDENED_RUNTIME = YES;
				ENABLE_USER_SELECTED_FILES = readonly;
				GENERATE_INFOPLIST_FILE = YES;
				INFOPLIST_FILE = "SIJournalRank Extension/Info.plist";
				INFOPLIST_KEY_CFBundleDisplayName = "SIJournalRank Extension";
				INFOPLIST_KEY_NSHumanReadableCopyright = "";
				LD_RUNPATH_SEARCH_PATHS = (
					"$(inherited)",
					"@executable_path/../Frameworks",
					"@executable_path/../../../../Frameworks",
				);
				MACOSX_DEPLOYMENT_TARGET = 10.14;
				MARKETING_VERSION = 1.1.0;
				OTHER_LDFLAGS = (
					"-framework",
					SafariServices,
				);
				PRODUCT_BUNDLE_IDENTIFIER = com.si.journal.rank.Extension;
				PRODUCT_NAME = "$(TARGET_NAME)";
				SKIP_INSTALL = YES;
				STRING_CATALOG_GENERATE_SYMBOLS = YES;
				SWIFT_APPROACHABLE_CONCURRENCY = YES;
				SWIFT_EMIT_LOC_STRINGS = YES;
				SWIFT_UPCOMING_FEATURE_MEMBER_IMPORT_VISIBILITY = YES;
				SWIFT_VERSION = 5.0;
			};
			name = Debug;
		};
		F0C0D5C7303DE6A400D6D076 /* Release */ = {
			isa = XCBuildConfiguration;
			buildSettings = {
				CODE_SIGN_STYLE = Automatic;
				DEVELOPMENT_TEAM = 8HZMDLYK9W;
				CURRENT_PROJECT_VERSION = 1;
				ENABLE_APP_SANDBOX = YES;
				ENABLE_HARDENED_RUNTIME = YES;
				ENABLE_USER_SELECTED_FILES = readonly;
				GENERATE_INFOPLIST_FILE = YES;
				INFOPLIST_FILE = "SIJournalRank Extension/Info.plist";
				INFOPLIST_KEY_CFBundleDisplayName = "SIJournalRank Extension";
				INFOPLIST_KEY_NSHumanReadableCopyright = "";
				LD_RUNPATH_SEARCH_PATHS = (
					"$(inherited)",
					"@executable_path/../Frameworks",
					"@executable_path/../../../../Frameworks",
				);
				MACOSX_DEPLOYMENT_TARGET = 10.14;
				MARKETING_VERSION = 1.1.0;
				OTHER_LDFLAGS = (
					"-framework",
					SafariServices,
				);
				PRODUCT_BUNDLE_IDENTIFIER = com.si.journal.rank.Extension;
				PRODUCT_NAME = "$(TARGET_NAME)";
				SKIP_INSTALL = YES;
				STRING_CATALOG_GENERATE_SYMBOLS = YES;
				SWIFT_APPROACHABLE_CONCURRENCY = YES;
				SWIFT_EMIT_LOC_STRINGS = YES;
				SWIFT_UPCOMING_FEATURE_MEMBER_IMPORT_VISIBILITY = YES;
				SWIFT_VERSION = 5.0;
			};
			name = Release;
		};
		F0C0D5CA303DE6A400D6D076 /* Debug */ = {
			isa = XCBuildConfiguration;
			buildSettings = {
				ASSETCATALOG_COMPILER_APPICON_NAME = AppIcon;
				ASSETCATALOG_COMPILER_GLOBAL_ACCENT_COLOR_NAME = AccentColor;
				CODE_SIGN_STYLE = Automatic;
				DEVELOPMENT_TEAM = 8HZMDLYK9W;
				COMBINE_HIDPI_IMAGES = YES;
				CURRENT_PROJECT_VERSION = 1;
				ENABLE_APP_SANDBOX = YES;
				ENABLE_HARDENED_RUNTIME = YES;
				ENABLE_OUTGOING_NETWORK_CONNECTIONS = YES;
				ENABLE_USER_SELECTED_FILES = readonly;
				GENERATE_INFOPLIST_FILE = YES;
				INFOPLIST_FILE = SIJournalRank/Info.plist;
				INFOPLIST_KEY_CFBundleDisplayName = SIJournalRank;
				INFOPLIST_KEY_NSHumanReadableCopyright = "";
				INFOPLIST_KEY_NSMainStoryboardFile = Main;
				INFOPLIST_KEY_NSPrincipalClass = NSApplication;
				LD_RUNPATH_SEARCH_PATHS = (
					"$(inherited)",
					"@executable_path/../Frameworks",
				);
				MARKETING_VERSION = 1.1.0;
				OTHER_LDFLAGS = (
					"-framework",
					SafariServices,
					"-framework",
					WebKit,
				);
				PRODUCT_BUNDLE_IDENTIFIER = com.si.journal.rank;
				PRODUCT_NAME = "$(TARGET_NAME)";
				REGISTER_APP_GROUPS = YES;
				STRING_CATALOG_GENERATE_SYMBOLS = YES;
				SWIFT_APPROACHABLE_CONCURRENCY = YES;
				SWIFT_DEFAULT_ACTOR_ISOLATION = MainActor;
				SWIFT_EMIT_LOC_STRINGS = YES;
				SWIFT_UPCOMING_FEATURE_MEMBER_IMPORT_VISIBILITY = YES;
				SWIFT_VERSION = 5.0;
			};
			name = Debug;
		};
		F0C0D5CB303DE6A400D6D076 /* Release */ = {
			isa = XCBuildConfiguration;
			buildSettings = {
				ASSETCATALOG_COMPILER_APPICON_NAME = AppIcon;
				ASSETCATALOG_COMPILER_GLOBAL_ACCENT_COLOR_NAME = AccentColor;
				CODE_SIGN_STYLE = Automatic;
				DEVELOPMENT_TEAM = 8HZMDLYK9W;
				COMBINE_HIDPI_IMAGES = YES;
				CURRENT_PROJECT_VERSION = 1;
				ENABLE_APP_SANDBOX = YES;
				ENABLE_HARDENED_RUNTIME = YES;
				ENABLE_OUTGOING_NETWORK_CONNECTIONS = YES;
				ENABLE_USER_SELECTED_FILES = readonly;
				GENERATE_INFOPLIST_FILE = YES;
				INFOPLIST_FILE = SIJournalRank/Info.plist;
				INFOPLIST_KEY_CFBundleDisplayName = SIJournalRank;
				INFOPLIST_KEY_NSHumanReadableCopyright = "";
				INFOPLIST_KEY_NSMainStoryboardFile = Main;
				INFOPLIST_KEY_NSPrincipalClass = NSApplication;
				LD_RUNPATH_SEARCH_PATHS = (
					"$(inherited)",
					"@executable_path/../Frameworks",
				);
				MARKETING_VERSION = 1.1.0;
				OTHER_LDFLAGS = (
					"-framework",
					SafariServices,
					"-framework",
					WebKit,
				);
				PRODUCT_BUNDLE_IDENTIFIER = com.si.journal.rank;
				PRODUCT_NAME = "$(TARGET_NAME)";
				REGISTER_APP_GROUPS = YES;
				STRING_CATALOG_GENERATE_SYMBOLS = YES;
				SWIFT_APPROACHABLE_CONCURRENCY = YES;
				SWIFT_DEFAULT_ACTOR_ISOLATION = MainActor;
				SWIFT_EMIT_LOC_STRINGS = YES;
				SWIFT_UPCOMING_FEATURE_MEMBER_IMPORT_VISIBILITY = YES;
				SWIFT_VERSION = 5.0;
			};
			name = Release;
		};
/* End XCBuildConfiguration section */

/* Begin XCConfigurationList section */
		F0C0D59B303DE6A200D6D076 /* Build configuration list for PBXProject "SIJournalRank" */ = {
			isa = XCConfigurationList;
			buildConfigurations = (
				F0C0D5C3303DE6A400D6D076 /* Debug */,
				F0C0D5C4303DE6A400D6D076 /* Release */,
			);
			defaultConfigurationIsVisible = 0;
			defaultConfigurationName = Release;
		};
		F0C0D5C5303DE6A400D6D076 /* Build configuration list for PBXNativeTarget "SIJournalRank Extension" */ = {
			isa = XCConfigurationList;
			buildConfigurations = (
				F0C0D5C6303DE6A400D6D076 /* Debug */,
				F0C0D5C7303DE6A400D6D076 /* Release */,
			);
			defaultConfigurationIsVisible = 0;
			defaultConfigurationName = Release;
		};
		F0C0D5C9303DE6A400D6D076 /* Build configuration list for PBXNativeTarget "SIJournalRank" */ = {
			isa = XCConfigurationList;
			buildConfigurations = (
				F0C0D5CA303DE6A400D6D076 /* Debug */,
				F0C0D5CB303DE6A400D6D076 /* Release */,
			);
			defaultConfigurationIsVisible = 0;
			defaultConfigurationName = Release;
		};
/* End XCConfigurationList section */
	};
	rootObject = F0C0D598303DE6A200D6D076 /* Project object */;
}
